
Microsoft Visual Studio Solution File, Format Version 12.00
# Visual Studio Version 16
VisualStudioVersion = 16.0.30204.135
MinimumVisualStudioVersion = 10.0.40219.1
Project("{9A19103F-16F7-4668-BE54-9A1E7A4F7556}") = "TimeKeeping", "TimeKeeping\TimeKeeping.csproj", "{3558AD15-6070-4800-8265-B74D3A452638}"
EndProject
Global
	GlobalSection(SolutionConfigurationPlatforms) = preSolution
		Debug|Any CPU = Debug|Any CPU
		Release|Any CPU = Release|Any CPU
	EndGlobalSection
	GlobalSection(ProjectConfigurationPlatforms) = postSolution
		{3558AD15-6070-4800-8265-B74D3A452638}.Debug|Any CPU.ActiveCfg = Debug|Any CPU
		{3558AD15-6070-4800-8265-B74D3A452638}.Debug|Any CPU.Build.0 = Debug|Any CPU
		{3558AD15-6070-4800-8265-B74D3A452638}.Release|Any CPU.ActiveCfg = Release|Any CPU
		{3558AD15-6070-4800-8265-B74D3A452638}.Release|Any CPU.Build.0 = Release|Any CPU
	EndGlobalSection
	GlobalSection(SolutionProperties) = preSolution
		HideSolutionNode = FALSE
	EndGlobalSection
	GlobalSection(ExtensibilityGlobals) = postSolution
		SolutionGuid = {7FC8463C-09EB-4C7A-A857-FB548F9B2DA4}
	EndGlobalSection
EndGlobal
